
Microsoft Visual Studio Solution File, Format Version 12.00
# Visual Studio Version 16
VisualStudioVersion = 16.0.30114.105
MinimumVisualStudioVersion = 10.0.40219.1
Project("{FAE04EC0-301F-11D3-BF4B-00C04F79EFBC}") = "T-Log", "T-Log\T-Log.csproj", "{E0F6DF6B-138C-4386-99B3-F1727D111D82}"
EndProject
Global
	GlobalSection(SolutionConfigurationPlatforms) = preSolution
		Debug|Any CPU = Debug|Any CPU
		Release|Any CPU = Release|Any CPU
	EndGlobalSection
	GlobalSection(ProjectConfigurationPlatforms) = postSolution
		{E0F6DF6B-138C-4386-99B3-F1727D111D82}.Debug|Any CPU.ActiveCfg = Debug|Any CPU
		{E0F6DF6B-138C-4386-99B3-F1727D111D82}.Debug|Any CPU.Build.0 = Debug|Any CPU
		{E0F6DF6B-138C-4386-99B3-F1727D111D82}.Release|Any CPU.ActiveCfg = Release|Any CPU
		{E0F6DF6B-138C-4386-99B3-F1727D111D82}.Release|Any CPU.Build.0 = Release|Any CPU
	EndGlobalSection
	GlobalSection(SolutionProperties) = preSolution
		HideSolutionNode = FALSE
	EndGlobalSection
	GlobalSection(ExtensibilityGlobals) = postSolution
		SolutionGuid = {567E57A2-A04F-4FAE-9C40-89B946EE44A2}
	EndGlobalSection
EndGlobal
